// !$*UTF8*$!
{
	archiveVersion = 1;
	classes = {
	};
	objectVersion = 50;
	objects = {

/* Begin PBXBuildFile section */
		13204D8321946EF700E58182 /* MBProgressHUD.m in Sources */ = {isa = PBXBuildFile; fileRef = 13204D7E21946EF600E58182 /* MBProgressHUD.m */; };
		13204D8421946EF700E58182 /* MBProgressHUD+YCExtension.m in Sources */ = {isa = PBXBuildFile; fileRef = 13204D7F21946EF600E58182 /* MBProgressHUD+YCExtension.m */; };
		13204D8521946EF700E58182 /* MBProgressHUD.bundle in Resources */ = {isa = PBXBuildFile; fileRef = 13204D8121946EF600E58182 /* MBProgressHUD.bundle */; };
		13F52C6A219447F000324E5F /* AppDelegate.m in Sources */ = {isa = PBXBuildFile; fileRef = 13F52C69219447F000324E5F /* AppDelegate.m */; };
		13F52C6D219447F000324E5F /* ViewController.m in Sources */ = {isa = PBXBuildFile; fileRef = 13F52C6C219447F000324E5F /* ViewController.m */; };
		13F52C70219447F000324E5F /* Main.storyboard in Resources */ = {isa = PBXBuildFile; fileRef = 13F52C6E219447F000324E5F /* Main.storyboard */; };
		13F52C72219447F100324E5F /* Assets.xcassets in Resources */ = {isa = PBXBuildFile; fileRef = 13F52C71219447F100324E5F /* Assets.xcassets */; };
		13F52C75219447F100324E5F /* LaunchScreen.storyboard in Resources */ = {isa = PBXBuildFile; fileRef = 13F52C73219447F100324E5F /* LaunchScreen.storyboard */; };
		13F52C78219447F100324E5F /* main.m in Sources */ = {isa = PBXBuildFile; fileRef = 13F52C77219447F100324E5F /* main.m */; };
		13F52C802194480600324E5F /* NSObject+YCExtension.m in Sources */ = {isa = PBXBuildFile; fileRef = 13F52C7E2194480600324E5F /* NSObject+YCExtension.m */; };
		13F52C83219454FB00324E5F /* NSInvocation+YCExtension.m in Sources */ = {isa = PBXBuildFile; fileRef = 13F52C82219454FB00324E5F /* NSInvocation+YCExtension.m */; };
		13F52C862194569000324E5F /* YCFix.m in Sources */ = {isa = PBXBuildFile; fileRef = 13F52C852194569000324E5F /* YCFix.m */; };
		13F52C89219456D200324E5F /* Aspects.m in Sources */ = {isa = PBXBuildFile; fileRef = 13F52C87219456D200324E5F /* Aspects.m */; };
		13F52C8B2194647900324E5F /* main.js in Resources */ = {isa = PBXBuildFile; fileRef = 13F52C8A2194647900324E5F /* main.js */; };
		13F52C912194693800324E5F /* YCButton.m in Sources */ = {isa = PBXBuildFile; fileRef = 13F52C902194693800324E5F /* YCButton.m */; };
/* End PBXBuildFile section */

/* Begin PBXFileReference section */
		13204D7E21946EF600E58182 /* MBProgressHUD.m */ = {isa = PBXFileReference; fileEncoding = 4; lastKnownFileType = sourcecode.c.objc; path = MBProgressHUD.m; sourceTree = "<group>"; };
		13204D7F21946EF600E58182 /* MBProgressHUD+YCExtension.m */ = {isa = PBXFileReference; fileEncoding = 4; lastKnownFileType = sourcecode.c.objc; path = "MBProgressHUD+YCExtension.m"; sourceTree = "<group>"; };
		13204D8021946EF600E58182 /* MBProgressHUD.h */ = {isa = PBXFileReference; fileEncoding = 4; lastKnownFileType = sourcecode.c.h; path = MBProgressHUD.h; sourceTree = "<group>"; };
		13204D8121946EF600E58182 /* MBProgressHUD.bundle */ = {isa = PBXFileReference; lastKnownFileType = "wrapper.plug-in"; path = MBProgressHUD.bundle; sourceTree = "<group>"; };
		13204D8221946EF600E58182 /* MBProgressHUD+YCExtension.h */ = {isa = PBXFileReference; fileEncoding = 4; lastKnownFileType = sourcecode.c.h; path = "MBProgressHUD+YCExtension.h"; sourceTree = "<group>"; };
		13F52C65219447F000324E5F /* Fix.app */ = {isa = PBXFileReference; explicitFileType = wrapper.application; includeInIndex = 0; path = Fix.app; sourceTree = BUILT_PRODUCTS_DIR; };
		13F52C68219447F000324E5F /* AppDelegate.h */ = {isa = PBXFileReference; lastKnownFileType = sourcecode.c.h; path = AppDelegate.h; sourceTree = "<group>"; };
		13F52C69219447F000324E5F /* AppDelegate.m */ = {isa = PBXFileReference; lastKnownFileType = sourcecode.c.objc; path = AppDelegate.m; sourceTree = "<group>"; };
		13F52C6B219447F000324E5F /* ViewController.h */ = {isa = PBXFileReference; lastKnownFileType = sourcecode.c.h; path = ViewController.h; sourceTree = "<group>"; };
		13F52C6C219447F000324E5F /* ViewController.m */ = {isa = PBXFileReference; lastKnownFileType = sourcecode.c.objc; path = ViewController.m; sourceTree = "<group>"; };
		13F52C6F219447F000324E5F /* Base */ = {isa = PBXFileReference; lastKnownFileType = file.storyboard; name = Base; path = Base.lproj/Main.storyboard; sourceTree = "<group>"; };
		13F52C71219447F100324E5F /* Assets.xcassets */ = {isa = PBXFileReference; lastKnownFileType = folder.assetcatalog; path = Assets.xcassets; sourceTree = "<group>"; };
		13F52C74219447F100324E5F /* Base */ = {isa = PBXFileReference; lastKnownFileType = file.storyboard; name = Base; path = Base.lproj/LaunchScreen.storyboard; sourceTree = "<group>"; };
		13F52C76219447F100324E5F /* Info.plist */ = {isa = PBXFileReference; lastKnownFileType = text.plist.xml; path = Info.plist; sourceTree = "<group>"; };
		13F52C77219447F100324E5F /* main.m */ = {isa = PBXFileReference; lastKnownFileType = sourcecode.c.objc; path = main.m; sourceTree = "<group>"; };
		13F52C7E2194480600324E5F /* NSObject+YCExtension.m */ = {isa = PBXFileReference; fileEncoding = 4; lastKnownFileType = sourcecode.c.objc; path = "NSObject+YCExtension.m"; sourceTree = "<group>"; };
		13F52C7F2194480600324E5F /* NSObject+YCExtension.h */ = {isa = PBXFileReference; fileEncoding = 4; lastKnownFileType = sourcecode.c.h; path = "NSObject+YCExtension.h"; sourceTree = "<group>"; };
		13F52C81219454FB00324E5F /* NSInvocation+YCExtension.h */ = {isa = PBXFileReference; lastKnownFileType = sourcecode.c.h; path = "NSInvocation+YCExtension.h"; sourceTree = "<group>"; };
		13F52C82219454FB00324E5F /* NSInvocation+YCExtension.m */ = {isa = PBXFileReference; lastKnownFileType = sourcecode.c.objc; path = "NSInvocation+YCExtension.m"; sourceTree = "<group>"; };
		13F52C842194569000324E5F /* YCFix.h */ = {isa = PBXFileReference; lastKnownFileType = sourcecode.c.h; path = YCFix.h; sourceTree = "<group>"; };
		13F52C852194569000324E5F /* YCFix.m */ = {isa = PBXFileReference; lastKnownFileType = sourcecode.c.objc; path = YCFix.m; sourceTree = "<group>"; };
		13F52C87219456D200324E5F /* Aspects.m */ = {isa = PBXFileReference; fileEncoding = 4; lastKnownFileType = sourcecode.c.objc; path = Aspects.m; sourceTree = "<group>"; };
		13F52C88219456D200324E5F /* Aspects.h */ = {isa = PBXFileReference; fileEncoding = 4; lastKnownFileType = sourcecode.c.h; path = Aspects.h; sourceTree = "<group>"; };
		13F52C8A2194647900324E5F /* main.js */ = {isa = PBXFileReference; lastKnownFileType = sourcecode.javascript; path = main.js; sourceTree = "<group>"; };
		13F52C8F2194693800324E5F /* YCButton.h */ = {isa = PBXFileReference; lastKnownFileType = sourcecode.c.h; path = YCButton.h; sourceTree = "<group>"; };
		13F52C902194693800324E5F /* YCButton.m */ = {isa = PBXFileReference; lastKnownFileType = sourcecode.c.objc; path = YCButton.m; sourceTree = "<group>"; };
/* End PBXFileReference section */

/* Begin PBXFrameworksBuildPhase section */
		13F52C62219447F000324E5F /* Frameworks */ = {
			isa = PBXFrameworksBuildPhase;
			buildActionMask = 2147483647;
			files = (
			);
			runOnlyForDeploymentPostprocessing = 0;
		};
/* End PBXFrameworksBuildPhase section */

/* Begin PBXGroup section */
		13204D7D21946EF600E58182 /* MBProgressHUD */ = {
			isa = PBXGroup;
			children = (
				13204D7E21946EF600E58182 /* MBProgressHUD.m */,
				13204D7F21946EF600E58182 /* MBProgressHUD+YCExtension.m */,
				13204D8021946EF600E58182 /* MBProgressHUD.h */,
				13204D8121946EF600E58182 /* MBProgressHUD.bundle */,
				13204D8221946EF600E58182 /* MBProgressHUD+YCExtension.h */,
			);
			path = MBProgressHUD;
			sourceTree = "<group>";
		};
		13F52C5C219447F000324E5F = {
			isa = PBXGroup;
			children = (
				13F52C67219447F000324E5F /* Fix */,
				13F52C66219447F000324E5F /* Products */,
			);
			sourceTree = "<group>";
		};
		13F52C66219447F000324E5F /* Products */ = {
			isa = PBXGroup;
			children = (
				13F52C65219447F000324E5F /* Fix.app */,
			);
			name = Products;
			sourceTree = "<group>";
		};
		13F52C67219447F000324E5F /* Fix */ = {
			isa = PBXGroup;
			children = (
				13204D7D21946EF600E58182 /* MBProgressHUD */,
				13F52C88219456D200324E5F /* Aspects.h */,
				13F52C87219456D200324E5F /* Aspects.m */,
				13F52C7F2194480600324E5F /* NSObject+YCExtension.h */,
				13F52C7E2194480600324E5F /* NSObject+YCExtension.m */,
				13F52C81219454FB00324E5F /* NSInvocation+YCExtension.h */,
				13F52C82219454FB00324E5F /* NSInvocation+YCExtension.m */,
				13F52C842194569000324E5F /* YCFix.h */,
				13F52C852194569000324E5F /* YCFix.m */,
				13F52C68219447F000324E5F /* AppDelegate.h */,
				13F52C69219447F000324E5F /* AppDelegate.m */,
				13F52C6B219447F000324E5F /* ViewController.h */,
				13F52C6C219447F000324E5F /* ViewController.m */,
				13F52C8F2194693800324E5F /* YCButton.h */,
				13F52C902194693800324E5F /* YCButton.m */,
				13F52C8A2194647900324E5F /* main.js */,
				13F52C6E219447F000324E5F /* Main.storyboard */,
				13F52C71219447F100324E5F /* Assets.xcassets */,
				13F52C73219447F100324E5F /* LaunchScreen.storyboard */,
				13F52C76219447F100324E5F /* Info.plist */,
				13F52C77219447F100324E5F /* main.m */,
			);
			path = Fix;
			sourceTree = "<group>";
		};
/* End PBXGroup section */

/* Begin PBXNativeTarget section */
		13F52C64219447F000324E5F /* Fix */ = {
			isa = PBXNativeTarget;
			buildConfigurationList = 13F52C7B219447F100324E5F /* Build configuration list for PBXNativeTarget "Fix" */;
			buildPhases = (
				13F52C61219447F000324E5F /* Sources */,
				13F52C62219447F000324E5F /* Frameworks */,
				13F52C63219447F000324E5F /* Resources */,
			);
			buildRules = (
			);
			dependencies = (
			);
			name = Fix;
			productName = Fix;
			productReference = 13F52C65219447F000324E5F /* Fix.app */;
			productType = "com.apple.product-type.application";
		};
/* End PBXNativeTarget section */

/* Begin PBXProject section */
		13F52C5D219447F000324E5F /* Project object */ = {
			isa = PBXProject;
			attributes = {
				LastUpgradeCheck = 1010;
				ORGANIZATIONNAME = dbaglobal;
				TargetAttributes = {
					13F52C64219447F000324E5F = {
						CreatedOnToolsVersion = 10.1;
					};
				};
			};
			buildConfigurationList = 13F52C60219447F000324E5F /* Build configuration list for PBXProject "Fix" */;
			compatibilityVersion = "Xcode 9.3";
			developmentRegion = en;
			hasScannedForEncodings = 0;
			knownRegions = (
				en,
				Base,
			);
			mainGroup = 13F52C5C219447F000324E5F;
			productRefGroup = 13F52C66219447F000324E5F /* Products */;
			projectDirPath = "";
			projectRoot = "";
			targets = (
				13F52C64219447F000324E5F /* Fix */,
			);
		};
/* End PBXProject section */

/* Begin PBXResourcesBuildPhase section */
		13F52C63219447F000324E5F /* Resources */ = {
			isa = PBXResourcesBuildPhase;
			buildActionMask = 2147483647;
			files = (
				13F52C75219447F100324E5F /* LaunchScreen.storyboard in Resources */,
				13F52C72219447F100324E5F /* Assets.xcassets in Resources */,
				13204D8521946EF700E58182 /* MBProgressHUD.bundle in Resources */,
				13F52C70219447F000324E5F /* Main.storyboard in Resources */,
				13F52C8B2194647900324E5F /* main.js in Resources */,
			);
			runOnlyForDeploymentPostprocessing = 0;
		};
/* End PBXResourcesBuildPhase section */

/* Begin PBXSourcesBuildPhase section */
		13F52C61219447F000324E5F /* Sources */ = {
			isa = PBXSourcesBuildPhase;
			buildActionMask = 2147483647;
			files = (
				13F52C6D219447F000324E5F /* ViewController.m in Sources */,
				13204D8421946EF700E58182 /* MBProgressHUD+YCExtension.m in Sources */,
				13F52C89219456D200324E5F /* Aspects.m in Sources */,
				13F52C802194480600324E5F /* NSObject+YCExtension.m in Sources */,
				13F52C83219454FB00324E5F /* NSInvocation+YCExtension.m in Sources */,
				13204D8321946EF700E58182 /* MBProgressHUD.m in Sources */,
				13F52C862194569000324E5F /* YCFix.m in Sources */,
				13F52C912194693800324E5F /* YCButton.m in Sources */,
				13F52C78219447F100324E5F /* main.m in Sources */,
				13F52C6A219447F000324E5F /* AppDelegate.m in Sources */,
			);
			runOnlyForDeploymentPostprocessing = 0;
		};
/* End PBXSourcesBuildPhase section */

/* Begin PBXVariantGroup section */
		13F52C6E219447F000324E5F /* Main.storyboard */ = {
			isa = PBXVariantGroup;
			children = (
				13F52C6F219447F000324E5F /* Base */,
			);
			name = Main.storyboard;
			sourceTree = "<group>";
		};
		13F52C73219447F100324E5F /* LaunchScreen.storyboard */ = {
			isa = PBXVariantGroup;
			children = (
				13F52C74219447F100324E5F /* Base */,
			);
			name = LaunchScreen.storyboard;
			sourceTree = "<group>";
		};
/* End PBXVariantGroup section */

/* Begin XCBuildConfiguration section */
		13F52C79219447F100324E5F /* Debug */ = {
			isa = XCBuildConfiguration;
			buildSettings = {
				ALWAYS_SEARCH_USER_PATHS = NO;
				CLANG_ANALYZER_NONNULL = YES;
				CLANG_ANALYZER_NUMBER_OBJECT_CONVERSION = YES_AGGRESSIVE;
				CLANG_CXX_LANGUAGE_STANDARD = "gnu++14";
				CLANG_CXX_LIBRARY = "libc++";
				CLANG_ENABLE_MODULES = YES;
				CLANG_ENABLE_OBJC_ARC = YES;
				CLANG_ENABLE_OBJC_WEAK = YES;
				CLANG_WARN_BLOCK_CAPTURE_AUTORELEASING = YES;
				CLANG_WARN_BOOL_CONVERSION = YES;
				CLANG_WARN_COMMA = YES;
				CLANG_WARN_CONSTANT_CONVERSION = YES;
				CLANG_WARN_DEPRECATED_OBJC_IMPLEMENTATIONS = YES;
				CLANG_WARN_DIRECT_OBJC_ISA_USAGE = YES_ERROR;
				CLANG_WARN_DOCUMENTATION_COMMENTS = YES;
				CLANG_WARN_EMPTY_BODY = YES;
				CLANG_WARN_ENUM_CONVERSION = YES;
				CLANG_WARN_INFINITE_RECURSION = YES;
				CLANG_WARN_INT_CONVERSION = YES;
				CLANG_WARN_NON_LITERAL_NULL_CONVERSION = YES;
				CLANG_WARN_OBJC_IMPLICIT_RETAIN_SELF = YES;
				CLANG_WARN_OBJC_LITERAL_CONVERSION = YES;
				CLANG_WARN_OBJC_ROOT_CLASS = YES_ERROR;
				CLANG_WARN_RANGE_LOOP_ANALYSIS = YES;
				CLANG_WARN_STRICT_PROTOTYPES = YES;
				CLANG_WARN_SUSPICIOUS_MOVE = YES;
				CLANG_WARN_UNGUARDED_AVAILABILITY = YES_AGGRESSIVE;
				CLANG_WARN_UNREACHABLE_CODE = YES;
				CLANG_WARN__DUPLICATE_METHOD_MATCH = YES;
				CODE_SIGN_IDENTITY = "iPhone Developer";
				COPY_PHASE_STRIP = NO;
				DEBUG_INFORMATION_FORMAT = dwarf;
				ENABLE_STRICT_OBJC_MSGSEND = YES;
				ENABLE_TESTABILITY = YES;
				GCC_C_LANGUAGE_STANDARD = gnu11;
				GCC_DYNAMIC_NO_PIC = NO;
				GCC_NO_COMMON_BLOCKS = YES;
				GCC_OPTIMIZATION_LEVEL = 0;
				GCC_PREPROCESSOR_DEFINITIONS = (
					"DEBUG=1",
					"$(inherited)",
				);
				GCC_WARN_64_TO_32_BIT_CONVERSION = YES;
				GCC_WARN_ABOUT_RETURN_TYPE = YES_ERROR;
				GCC_WARN_UNDECLARED_SELECTOR = YES;
				GCC_WARN_UNINITIALIZED_AUTOS = YES_AGGRESSIVE;
				GCC_WARN_UNUSED_FUNCTION = YES;
				GCC_WARN_UNUSED_VARIABLE = YES;
				IPHONEOS_DEPLOYMENT_TARGET = 12.1;
				MTL_ENABLE_DEBUG_INFO = INCLUDE_SOURCE;
				MTL_FAST_MATH = YES;
				ONLY_ACTIVE_ARCH = YES;
				SDKROOT = iphoneos;
			};
			name = Debug;
		};
		13F52C7A219447F100324E5F /* Release */ = {
			isa = XCBuildConfiguration;
			buildSettings = {
				ALWAYS_SEARCH_USER_PATHS = NO;
				CLANG_ANALYZER_NONNULL = YES;
				CLANG_ANALYZER_NUMBER_OBJECT_CONVERSION = YES_AGGRESSIVE;
				CLANG_CXX_LANGUAGE_STANDARD = "gnu++14";
				CLANG_CXX_LIBRARY = "libc++";
				CLANG_ENABLE_MODULES = YES;
				CLANG_ENABLE_OBJC_ARC = YES;
				CLANG_ENABLE_OBJC_WEAK = YES;
				CLANG_WARN_BLOCK_CAPTURE_AUTORELEASING = YES;
				CLANG_WARN_BOOL_CONVERSION = YES;
				CLANG_WARN_COMMA = YES;
				CLANG_WARN_CONSTANT_CONVERSION = YES;
				CLANG_WARN_DEPRECATED_OBJC_IMPLEMENTATIONS = YES;
				CLANG_WARN_DIRECT_OBJC_ISA_USAGE = YES_ERROR;
				CLANG_WARN_DOCUMENTATION_COMMENTS = YES;
				CLANG_WARN_EMPTY_BODY = YES;
				CLANG_WARN_ENUM_CONVERSION = YES;
				CLANG_WARN_INFINITE_RECURSION = YES;
				CLANG_WARN_INT_CONVERSION = YES;
				CLANG_WARN_NON_LITERAL_NULL_CONVERSION = YES;
				CLANG_WARN_OBJC_IMPLICIT_RETAIN_SELF = YES;
				CLANG_WARN_OBJC_LITERAL_CONVERSION = YES;
				CLANG_WARN_OBJC_ROOT_CLASS = YES_ERROR;
				CLANG_WARN_RANGE_LOOP_ANALYSIS = YES;
				CLANG_WARN_STRICT_PROTOTYPES = YES;
				CLANG_WARN_SUSPICIOUS_MOVE = YES;
				CLANG_WARN_UNGUARDED_AVAILABILITY = YES_AGGRESSIVE;
				CLANG_WARN_UNREACHABLE_CODE = YES;
				CLANG_WARN__DUPLICATE_METHOD_MATCH = YES;
				CODE_SIGN_IDENTITY = "iPhone Developer";
				COPY_PHASE_STRIP = NO;
				DEBUG_INFORMATION_FORMAT = "dwarf-with-dsym";
				ENABLE_NS_ASSERTIONS = NO;
				ENABLE_STRICT_OBJC_MSGSEND = YES;
				GCC_C_LANGUAGE_STANDARD = gnu11;
				GCC_NO_COMMON_BLOCKS = YES;
				GCC_WARN_64_TO_32_BIT_CONVERSION = YES;
				GCC_WARN_ABOUT_RETURN_TYPE = YES_ERROR;
				GCC_WARN_UNDECLARED_SELECTOR = YES;
				GCC_WARN_UNINITIALIZED_AUTOS = YES_AGGRESSIVE;
				GCC_WARN_UNUSED_FUNCTION = YES;
				GCC_WARN_UNUSED_VARIABLE = YES;
				IPHONEOS_DEPLOYMENT_TARGET = 12.1;
				MTL_ENABLE_DEBUG_INFO = NO;
				MTL_FAST_MATH = YES;
				SDKROOT = iphoneos;
				VALIDATE_PRODUCT = YES;
			};
			name = Release;
		};
		13F52C7C219447F100324E5F /* Debug */ = {
			isa = XCBuildConfiguration;
			buildSettings = {
				ASSETCATALOG_COMPILER_APPICON_NAME = AppIcon;
				CODE_SIGN_STYLE = Automatic;
				DEVELOPMENT_TEAM = LFVLXH2D3L;
				INFOPLIST_FILE = Fix/Info.plist;
				LD_RUNPATH_SEARCH_PATHS = (
					"$(inherited)",
					"@executable_path/Frameworks",
				);
				PRODUCT_BUNDLE_IDENTIFIER = com.fix.test.Fix;
				PRODUCT_NAME = "$(TARGET_NAME)";
				TARGETED_DEVICE_FAMILY = "1,2";
			};
			name = Debug;
		};
		13F52C7D219447F100324E5F /* Release */ = {
			isa = XCBuildConfiguration;
			buildSettings = {
				ASSETCATALOG_COMPILER_APPICON_NAME = AppIcon;
				CODE_SIGN_STYLE = Automatic;
				DEVELOPMENT_TEAM = LFVLXH2D3L;
				INFOPLIST_FILE = Fix/Info.plist;
				LD_RUNPATH_SEARCH_PATHS = (
					"$(inherited)",
					"@executable_path/Frameworks",
				);
				PRODUCT_BUNDLE_IDENTIFIER = com.fix.test.Fix;
				PRODUCT_NAME = "$(TARGET_NAME)";
				TARGETED_DEVICE_FAMILY = "1,2";
			};
			name = Release;
		};
/* End XCBuildConfiguration section */

/* Begin XCConfigurationList section */
		13F52C60219447F000324E5F /* Build configuration list for PBXProject "Fix" */ = {
			isa = XCConfigurationList;
			buildConfigurations = (
				13F52C79219447F100324E5F /* Debug */,
				13F52C7A219447F100324E5F /* Release */,
			);
			defaultConfigurationIsVisible = 0;
			defaultConfigurationName = Release;
		};
		13F52C7B219447F100324E5F /* Build configuration list for PBXNativeTarget "Fix" */ = {
			isa = XCConfigurationList;
			buildConfigurations = (
				13F52C7C219447F100324E5F /* Debug */,
				13F52C7D219447F100324E5F /* Release */,
			);
			defaultConfigurationIsVisible = 0;
			defaultConfigurationName = Release;
		};
/* End XCConfigurationList section */
	};
	rootObject = 13F52C5D219447F000324E5F /* Project object */;
}
